
Microsoft Visual Studio Solution File, Format Version 12.00
# Visual Studio Version 17
VisualStudioVersion = 17.1.32210.238
MinimumVisualStudioVersion = 10.0.40219.1
Project("{FAE04EC0-301F-11D3-BF4B-00C04F79EFBC}") = "asynchronous-client-socket", "asynchronous-client-socket\asynchronous-client-socket.csproj", "{D0089355-4E62-43C6-AC34-33A29A50F3A1}"
EndProject
Project("{FAE04EC0-301F-11D3-BF4B-00C04F79EFBC}") = "asynchronous-server-socket", "asynchronous-server-socket\asynchronous-server-socket.csproj", "{ED12D38E-E12B-424D-8BD7-D64127FF4943}"
EndProject
Global
	GlobalSection(SolutionConfigurationPlatforms) = preSolution
		Debug|Any CPU = Debug|Any CPU
		Release|Any CPU = Release|Any CPU
	EndGlobalSection
	GlobalSection(ProjectConfigurationPlatforms) = postSolution
		{D0089355-4E62-43C6-AC34-33A29A50F3A1}.Debug|Any CPU.ActiveCfg = Debug|Any CPU
		{D0089355-4E62-43C6-AC34-33A29A50F3A1}.Debug|Any CPU.Build.0 = Debug|Any CPU
		{D0089355-4E62-43C6-AC34-33A29A50F3A1}.Release|Any CPU.ActiveCfg = Release|Any CPU
		{D0089355-4E62-43C6-AC34-33A29A50F3A1}.Release|Any CPU.Build.0 = Release|Any CPU
		{ED12D38E-E12B-424D-8BD7-D64127FF4943}.Debug|Any CPU.ActiveCfg = Debug|Any CPU
		{ED12D38E-E12B-424D-8BD7-D64127FF4943}.Debug|Any CPU.Build.0 = Debug|Any CPU
		{ED12D38E-E12B-424D-8BD7-D64127FF4943}.Release|Any CPU.ActiveCfg = Release|Any CPU
		{ED12D38E-E12B-424D-8BD7-D64127FF4943}.Release|Any CPU.Build.0 = Release|Any CPU
	EndGlobalSection
	GlobalSection(SolutionProperties) = preSolution
		HideSolutionNode = FALSE
	EndGlobalSection
	GlobalSection(ExtensibilityGlobals) = postSolution
		SolutionGuid = {76958CC7-4686-48E3-BC07-B0707E879E72}
	EndGlobalSection
EndGlobal
